
Microsoft Visual Studio Solution File, Format Version 12.00
# Visual Studio 2013
VisualStudioVersion = 12.0.30501.0
MinimumVisualStudioVersion = 10.0.40219.1
Project("{FAE04EC0-301F-11D3-BF4B-00C04F79EFBC}") = "GunpointLevels.ConsoleInstaller", "ConsoleInstaller\GunpointLevels.ConsoleInstaller.csproj", "{E45C8CD5-0263-4DEE-9909-594B60EE1D4B}"
EndProject
Project("{FAE04EC0-301F-11D3-BF4B-00C04F79EFBC}") = "Gunpoint.Common", "..\Common\GunpointCommon\Gunpoint.Common.csproj", "{AF9BE84D-CBFA-42CE-BBA3-0CB8979DD404}"
EndProject
Project("{FAE04EC0-301F-11D3-BF4B-00C04F79EFBC}") = "GunpointLevels.Common", "GunpointLevels.Common\GunpointLevels.Common.csproj", "{6FFF0264-46E3-4D45-9C88-C65D3AAA889D}"
EndProject
Project("{930C7802-8A8C-48F9-8165-68863BCCD9DD}") = "GunpointLevels.Setup", "GunpointLevels.Setup\GunpointLevels.Setup.wixproj", "{A596D640-2C7F-416F-AA53-6E7A267650E8}"
EndProject
Global
	GlobalSection(SolutionConfigurationPlatforms) = preSolution
		Debug|Any CPU = Debug|Any CPU
		Debug|Mixed Platforms = Debug|Mixed Platforms
		Debug|x86 = Debug|x86
		Release|Any CPU = Release|Any CPU
		Release|Mixed Platforms = Release|Mixed Platforms
		Release|x86 = Release|x86
	EndGlobalSection
	GlobalSection(ProjectConfigurationPlatforms) = postSolution
		{E45C8CD5-0263-4DEE-9909-594B60EE1D4B}.Debug|Any CPU.ActiveCfg = Debug|Any CPU
		{E45C8CD5-0263-4DEE-9909-594B60EE1D4B}.Debug|Any CPU.Build.0 = Debug|Any CPU
		{E45C8CD5-0263-4DEE-9909-594B60EE1D4B}.Debug|Mixed Platforms.ActiveCfg = Debug|Any CPU
		{E45C8CD5-0263-4DEE-9909-594B60EE1D4B}.Debug|Mixed Platforms.Build.0 = Debug|Any CPU
		{E45C8CD5-0263-4DEE-9909-594B60EE1D4B}.Debug|x86.ActiveCfg = Debug|Any CPU
		{E45C8CD5-0263-4DEE-9909-594B60EE1D4B}.Release|Any CPU.ActiveCfg = Release|Any CPU
		{E45C8CD5-0263-4DEE-9909-594B60EE1D4B}.Release|Any CPU.Build.0 = Release|Any CPU
		{E45C8CD5-0263-4DEE-9909-594B60EE1D4B}.Release|Mixed Platforms.ActiveCfg = Release|Any CPU
		{E45C8CD5-0263-4DEE-9909-594B60EE1D4B}.Release|Mixed Platforms.Build.0 = Release|Any CPU
		{E45C8CD5-0263-4DEE-9909-594B60EE1D4B}.Release|x86.ActiveCfg = Release|Any CPU
		{AF9BE84D-CBFA-42CE-BBA3-0CB8979DD404}.Debug|Any CPU.ActiveCfg = Debug|Any CPU
		{AF9BE84D-CBFA-42CE-BBA3-0CB8979DD404}.Debug|Any CPU.Build.0 = Debug|Any CPU
		{AF9BE84D-CBFA-42CE-BBA3-0CB8979DD404}.Debug|Mixed Platforms.ActiveCfg = Debug|Any CPU
		{AF9BE84D-CBFA-42CE-BBA3-0CB8979DD404}.Debug|Mixed Platforms.Build.0 = Debug|Any CPU
		{AF9BE84D-CBFA-42CE-BBA3-0CB8979DD404}.Debug|x86.ActiveCfg = Debug|Any CPU
		{AF9BE84D-CBFA-42CE-BBA3-0CB8979DD404}.Release|Any CPU.ActiveCfg = Release|Any CPU
		{AF9BE84D-CBFA-42CE-BBA3-0CB8979DD404}.Release|Any CPU.Build.0 = Release|Any CPU
		{AF9BE84D-CBFA-42CE-BBA3-0CB8979DD404}.Release|Mixed Platforms.ActiveCfg = Release|Any CPU
		{AF9BE84D-CBFA-42CE-BBA3-0CB8979DD404}.Release|Mixed Platforms.Build.0 = Release|Any CPU
		{AF9BE84D-CBFA-42CE-BBA3-0CB8979DD404}.Release|x86.ActiveCfg = Release|Any CPU
		{6FFF0264-46E3-4D45-9C88-C65D3AAA889D}.Debug|Any CPU.ActiveCfg = Debug|Any CPU
		{6FFF0264-46E3-4D45-9C88-C65D3AAA889D}.Debug|Any CPU.Build.0 = Debug|Any CPU
		{6FFF0264-46E3-4D45-9C88-C65D3AAA889D}.Debug|Mixed Platforms.ActiveCfg = Debug|Any CPU
		{6FFF0264-46E3-4D45-9C88-C65D3AAA889D}.Debug|Mixed Platforms.Build.0 = Debug|Any CPU
		{6FFF0264-46E3-4D45-9C88-C65D3AAA889D}.Debug|x86.ActiveCfg = Debug|Any CPU
		{6FFF0264-46E3-4D45-9C88-C65D3AAA889D}.Release|Any CPU.ActiveCfg = Release|Any CPU
		{6FFF0264-46E3-4D45-9C88-C65D3AAA889D}.Release|Any CPU.Build.0 = Release|Any CPU
		{6FFF0264-46E3-4D45-9C88-C65D3AAA889D}.Release|Mixed Platforms.ActiveCfg = Release|Any CPU
		{6FFF0264-46E3-4D45-9C88-C65D3AAA889D}.Release|Mixed Platforms.Build.0 = Release|Any CPU
		{6FFF0264-46E3-4D45-9C88-C65D3AAA889D}.Release|x86.ActiveCfg = Release|Any CPU
		{A596D640-2C7F-416F-AA53-6E7A267650E8}.Debug|Any CPU.ActiveCfg = Debug|x86
		{A596D640-2C7F-416F-AA53-6E7A267650E8}.Debug|Mixed Platforms.ActiveCfg = Debug|x86
		{A596D640-2C7F-416F-AA53-6E7A267650E8}.Debug|Mixed Platforms.Build.0 = Debug|x86
		{A596D640-2C7F-416F-AA53-6E7A267650E8}.Debug|x86.ActiveCfg = Debug|x86
		{A596D640-2C7F-416F-AA53-6E7A267650E8}.Debug|x86.Build.0 = Debug|x86
		{A596D640-2C7F-416F-AA53-6E7A267650E8}.Release|Any CPU.ActiveCfg = Release|x86
		{A596D640-2C7F-416F-AA53-6E7A267650E8}.Release|Mixed Platforms.ActiveCfg = Release|x86
		{A596D640-2C7F-416F-AA53-6E7A267650E8}.Release|Mixed Platforms.Build.0 = Release|x86
		{A596D640-2C7F-416F-AA53-6E7A267650E8}.Release|x86.ActiveCfg = Release|x86
		{A596D640-2C7F-416F-AA53-6E7A267650E8}.Release|x86.Build.0 = Release|x86
	EndGlobalSection
	GlobalSection(SolutionProperties) = preSolution
		HideSolutionNode = FALSE
	EndGlobalSection
EndGlobal
